
Microsoft Visual Studio Solution File, Format Version 12.00
# Visual Studio Version 17
VisualStudioVersion = 17.14.36401.2 d17.14
MinimumVisualStudioVersion = 10.0.40219.1
Project("{FAE04EC0-301F-11D3-BF4B-00C04F79EFBC}") = "lab1234", "lab1234\lab1234.csproj", "{673CD0C3-44ED-45BD-88A1-C76332CEA94A}"
EndProject
Global
	GlobalSection(SolutionConfigurationPlatforms) = preSolution
		Debug|Any CPU = Debug|Any CPU
		Release|Any CPU = Release|Any CPU
	EndGlobalSection
	GlobalSection(ProjectConfigurationPlatforms) = postSolution
		{673CD0C3-44ED-45BD-88A1-C76332CEA94A}.Debug|Any CPU.ActiveCfg = Debug|Any CPU
		{673CD0C3-44ED-45BD-88A1-C76332CEA94A}.Debug|Any CPU.Build.0 = Debug|Any CPU
		{673CD0C3-44ED-45BD-88A1-C76332CEA94A}.Release|Any CPU.ActiveCfg = Release|Any CPU
		{673CD0C3-44ED-45BD-88A1-C76332CEA94A}.Release|Any CPU.Build.0 = Release|Any CPU
	EndGlobalSection
	GlobalSection(SolutionProperties) = preSolution
		HideSolutionNode = FALSE
	EndGlobalSection
	GlobalSection(ExtensibilityGlobals) = postSolution
		SolutionGuid = {2C3F7823-163E-4AF2-B00B-70B1BF56AE7C}
	EndGlobalSection
EndGlobal
